
Microsoft Visual Studio Solution File, Format Version 12.00
# Visual Studio Version 16
VisualStudioVersion = 16.0.30011.22
MinimumVisualStudioVersion = 10.0.40219.1
Project("{FAE04EC0-301F-11D3-BF4B-00C04F79EFBC}") = "MenuProject", "MenuProject.csproj", "{1DCFD961-0F51-479E-AB39-CBE876D5F382}"
EndProject
Global
	GlobalSection(SolutionConfigurationPlatforms) = preSolution
		Debug|Any CPU = Debug|Any CPU
		Release|Any CPU = Release|Any CPU
	EndGlobalSection
	GlobalSection(ProjectConfigurationPlatforms) = postSolution
		{1DCFD961-0F51-479E-AB39-CBE876D5F382}.Debug|Any CPU.ActiveCfg = Debug|Any CPU
		{1DCFD961-0F51-479E-AB39-CBE876D5F382}.Debug|Any CPU.Build.0 = Debug|Any CPU
		{1DCFD961-0F51-479E-AB39-CBE876D5F382}.Release|Any CPU.ActiveCfg = Release|Any CPU
		{1DCFD961-0F51-479E-AB39-CBE876D5F382}.Release|Any CPU.Build.0 = Release|Any CPU
	EndGlobalSection
	GlobalSection(SolutionProperties) = preSolution
		HideSolutionNode = FALSE
	EndGlobalSection
	GlobalSection(ExtensibilityGlobals) = postSolution
		SolutionGuid = {8843EDE6-B6A5-4D6D-B1EA-D6EBC777602A}
	EndGlobalSection
EndGlobal
